
Microsoft Visual Studio Solution File, Format Version 12.00
# Visual Studio 2012
Project("{FAE04EC0-301F-11D3-BF4B-00C04F79EFBC}") = "XSpec", "XSpec\XSpec.csproj", "{84251585-255F-4FDF-9789-EE19D3707CD9}"
EndProject
Global
	GlobalSection(SolutionConfigurationPlatforms) = preSolution
		Debug|Any CPU = Debug|Any CPU
		Release|Any CPU = Release|Any CPU
	EndGlobalSection
	GlobalSection(ProjectConfigurationPlatforms) = postSolution
		{84251585-255F-4FDF-9789-EE19D3707CD9}.Debug|Any CPU.ActiveCfg = Debug|Any CPU
		{84251585-255F-4FDF-9789-EE19D3707CD9}.Debug|Any CPU.Build.0 = Debug|Any CPU
		{84251585-255F-4FDF-9789-EE19D3707CD9}.Release|Any CPU.ActiveCfg = Release|Any CPU
		{84251585-255F-4FDF-9789-EE19D3707CD9}.Release|Any CPU.Build.0 = Release|Any CPU
	EndGlobalSection
	GlobalSection(SolutionProperties) = preSolution
		HideSolutionNode = FALSE
	EndGlobalSection
EndGlobal
